
Microsoft Visual Studio Solution File, Format Version 12.00
# Visual Studio Version 17
VisualStudioVersion = 17.0.31717.71
MinimumVisualStudioVersion = 10.0.40219.1
Project("{FAE04EC0-301F-11D3-BF4B-00C04F79EFBC}") = "AtividadePrimo", "AtividadePrimo.csproj", "{C27DBA73-7796-48A6-9A8C-8EF327F72C6B}"
EndProject
Global
	GlobalSection(SolutionConfigurationPlatforms) = preSolution
		Debug|Any CPU = Debug|Any CPU
		Release|Any CPU = Release|Any CPU
	EndGlobalSection
	GlobalSection(ProjectConfigurationPlatforms) = postSolution
		{C27DBA73-7796-48A6-9A8C-8EF327F72C6B}.Debug|Any CPU.ActiveCfg = Debug|Any CPU
		{C27DBA73-7796-48A6-9A8C-8EF327F72C6B}.Debug|Any CPU.Build.0 = Debug|Any CPU
		{C27DBA73-7796-48A6-9A8C-8EF327F72C6B}.Release|Any CPU.ActiveCfg = Release|Any CPU
		{C27DBA73-7796-48A6-9A8C-8EF327F72C6B}.Release|Any CPU.Build.0 = Release|Any CPU
	EndGlobalSection
	GlobalSection(SolutionProperties) = preSolution
		HideSolutionNode = FALSE
	EndGlobalSection
	GlobalSection(ExtensibilityGlobals) = postSolution
		SolutionGuid = {D33F1CCF-2A52-4621-A9F3-D6318E8A0BE5}
	EndGlobalSection
EndGlobal
